// !$*UTF8*$!
{
	archiveVersion = 1;
	classes = {
	};
	objectVersion = 48;
	objects = {

/* Begin PBXBuildFile section */
		2D720D05204477B200FC7CAE /* istatymas.pdf in Resources */ = {isa = PBXBuildFile; fileRef = 2D720D04204477B200FC7CAE /* istatymas.pdf */; };
		2D720D07204477E900FC7CAE /* icon_128x128@2x.png in Resources */ = {isa = PBXBuildFile; fileRef = 2D720D06204477E900FC7CAE /* icon_128x128@2x.png */; };
		2D720D09204477F300FC7CAE /* icon_128x128@2x.png in Resources */ = {isa = PBXBuildFile; fileRef = 2D720D08204477F300FC7CAE /* icon_128x128@2x.png */; };
		8C57C6A62042B87300F2F7F4 /* ClickableTextField.swift in Sources */ = {isa = PBXBuildFile; fileRef = 8C57C6A52042B87300F2F7F4 /* ClickableTextField.swift */; };
		8C57C6B92042DD2000F2F7F4 /* a1.gif in Resources */ = {isa = PBXBuildFile; fileRef = 8C57C6A72042DD1D00F2F7F4 /* a1.gif */; };
		8C57C6BA2042DD2000F2F7F4 /* a10.gif in Resources */ = {isa = PBXBuildFile; fileRef = 8C57C6A82042DD1D00F2F7F4 /* a10.gif */; };
		8C57C6BB2042DD2000F2F7F4 /* b2.gif in Resources */ = {isa = PBXBuildFile; fileRef = 8C57C6A92042DD1D00F2F7F4 /* b2.gif */; };
		8C57C6BC2042DD2000F2F7F4 /* a4.gif in Resources */ = {isa = PBXBuildFile; fileRef = 8C57C6AA2042DD1D00F2F7F4 /* a4.gif */; };
		8C57C6BD2042DD2000F2F7F4 /* a3.gif in Resources */ = {isa = PBXBuildFile; fileRef = 8C57C6AB2042DD1D00F2F7F4 /* a3.gif */; };
		8C57C6BE2042DD2000F2F7F4 /* b5.gif in Resources */ = {isa = PBXBuildFile; fileRef = 8C57C6AC2042DD1D00F2F7F4 /* b5.gif */; };
		8C57C6BF2042DD2000F2F7F4 /* b1.gif in Resources */ = {isa = PBXBuildFile; fileRef = 8C57C6AD2042DD1E00F2F7F4 /* b1.gif */; };
		8C57C6C02042DD2000F2F7F4 /* b7.gif in Resources */ = {isa = PBXBuildFile; fileRef = 8C57C6AE2042DD1E00F2F7F4 /* b7.gif */; };
		8C57C6C12042DD2000F2F7F4 /* b8.gif in Resources */ = {isa = PBXBuildFile; fileRef = 8C57C6AF2042DD1E00F2F7F4 /* b8.gif */; };
		8C57C6C22042DD2000F2F7F4 /* a7.gif in Resources */ = {isa = PBXBuildFile; fileRef = 8C57C6B02042DD1E00F2F7F4 /* a7.gif */; };
		8C57C6C32042DD2000F2F7F4 /* a5.gif in Resources */ = {isa = PBXBuildFile; fileRef = 8C57C6B12042DD1E00F2F7F4 /* a5.gif */; };
		8C57C6C42042DD2000F2F7F4 /* b4.gif in Resources */ = {isa = PBXBuildFile; fileRef = 8C57C6B22042DD1E00F2F7F4 /* b4.gif */; };
		8C57C6C52042DD2000F2F7F4 /* a2.gif in Resources */ = {isa = PBXBuildFile; fileRef = 8C57C6B32042DD1F00F2F7F4 /* a2.gif */; };
		8C57C6C62042DD2000F2F7F4 /* a9.gif in Resources */ = {isa = PBXBuildFile; fileRef = 8C57C6B42042DD1F00F2F7F4 /* a9.gif */; };
		8C57C6C72042DD2000F2F7F4 /* a6.gif in Resources */ = {isa = PBXBuildFile; fileRef = 8C57C6B52042DD1F00F2F7F4 /* a6.gif */; };
		8C57C6C82042DD2000F2F7F4 /* a8.gif in Resources */ = {isa = PBXBuildFile; fileRef = 8C57C6B62042DD1F00F2F7F4 /* a8.gif */; };
		8C57C6C92042DD2000F2F7F4 /* b6.gif in Resources */ = {isa = PBXBuildFile; fileRef = 8C57C6B72042DD1F00F2F7F4 /* b6.gif */; };
		8C57C6CA2042DD2000F2F7F4 /* b3.gif in Resources */ = {isa = PBXBuildFile; fileRef = 8C57C6B82042DD2000F2F7F4 /* b3.gif */; };
		8C57C6CF2042F11600F2F7F4 /* ResultViewController.swift in Sources */ = {isa = PBXBuildFile; fileRef = 8C57C6CD2042F11600F2F7F4 /* ResultViewController.swift */; };
		8C57C6D02042F11600F2F7F4 /* ResultViewController.xib in Resources */ = {isa = PBXBuildFile; fileRef = 8C57C6CE2042F11600F2F7F4 /* ResultViewController.xib */; };
		8C57C6DC2043C1E100F2F7F4 /* StartView.xib in Resources */ = {isa = PBXBuildFile; fileRef = 8C57C6DA2043C1E100F2F7F4 /* StartView.xib */; };
		8C57C7192044072600F2F7F4 /* santrupos.pdf in Resources */ = {isa = PBXBuildFile; fileRef = 8C57C7182044072600F2F7F4 /* santrupos.pdf */; };
		8C57C71B2044072C00F2F7F4 /* atstojamosios.pdf in Resources */ = {isa = PBXBuildFile; fileRef = 8C57C71A2044072C00F2F7F4 /* atstojamosios.pdf */; };
		8C633F65203FD69E006557DC /* Quartz.framework in Frameworks */ = {isa = PBXBuildFile; fileRef = 8C633F61203FD66C006557DC /* Quartz.framework */; };
		8C633F66203FD6A6006557DC /* QuartzCore.framework in Frameworks */ = {isa = PBXBuildFile; fileRef = 8C633F63203FD67F006557DC /* QuartzCore.framework */; };
		8C633F6B204058BE006557DC /* DocumentController.swift in Sources */ = {isa = PBXBuildFile; fileRef = 8C633F69204058BE006557DC /* DocumentController.swift */; };
		8C633F6C204058BE006557DC /* DocumentController.xib in Resources */ = {isa = PBXBuildFile; fileRef = 8C633F6A204058BE006557DC /* DocumentController.xib */; };
		8C633F73204080EB006557DC /* QuestionViewController.swift in Sources */ = {isa = PBXBuildFile; fileRef = 8C633F71204080EB006557DC /* QuestionViewController.swift */; };
		8C633F74204080EB006557DC /* QuestionViewController.xib in Resources */ = {isa = PBXBuildFile; fileRef = 8C633F72204080EB006557DC /* QuestionViewController.xib */; };
		8C633F76204082CC006557DC /* QuestionParser.swift in Sources */ = {isa = PBXBuildFile; fileRef = 8C633F75204082CC006557DC /* QuestionParser.swift */; };
		8C633F782040835A006557DC /* quiz.xml in Resources */ = {isa = PBXBuildFile; fileRef = 8C633F772040835A006557DC /* quiz.xml */; };
		8C633F7A20409D4F006557DC /* ClickableFieldCell.swift in Sources */ = {isa = PBXBuildFile; fileRef = 8C633F7920409D4F006557DC /* ClickableFieldCell.swift */; };
		8C672763203DF01C0055675F /* AppDelegate.swift in Sources */ = {isa = PBXBuildFile; fileRef = 8C672762203DF01C0055675F /* AppDelegate.swift */; };
		8C672765203DF01C0055675F /* Assets.xcassets in Resources */ = {isa = PBXBuildFile; fileRef = 8C672764203DF01C0055675F /* Assets.xcassets */; };
		8C672768203DF01C0055675F /* MainMenu.xib in Resources */ = {isa = PBXBuildFile; fileRef = 8C672766203DF01C0055675F /* MainMenu.xib */; };
		8C672772203DF0560055675F /* MainViewController.swift in Sources */ = {isa = PBXBuildFile; fileRef = 8C672770203DF0560055675F /* MainViewController.swift */; };
		8C672773203DF0560055675F /* MainViewController.xib in Resources */ = {isa = PBXBuildFile; fileRef = 8C672771203DF0560055675F /* MainViewController.xib */; };
		8C672778203DF0970055675F /* StartView.swift in Sources */ = {isa = PBXBuildFile; fileRef = 8C672776203DF0970055675F /* StartView.swift */; };
/* End PBXBuildFile section */

/* Begin PBXFileReference section */
		2D720D04204477B200FC7CAE /* istatymas.pdf */ = {isa = PBXFileReference; lastKnownFileType = image.pdf; path = istatymas.pdf; sourceTree = "<group>"; };
		2D720D06204477E900FC7CAE /* icon_128x128@2x.png */ = {isa = PBXFileReference; lastKnownFileType = image.png; name = "icon_128x128@2x.png"; path = "Assets.xcassets/AppIcon.appiconset/icon_128x128@2x.png"; sourceTree = "<group>"; };
		2D720D08204477F300FC7CAE /* icon_128x128@2x.png */ = {isa = PBXFileReference; lastKnownFileType = image.png; name = "icon_128x128@2x.png"; path = "Assets.xcassets/AppIcon.appiconset/icon_128x128@2x.png"; sourceTree = "<group>"; };
		8C57C6A52042B87300F2F7F4 /* ClickableTextField.swift */ = {isa = PBXFileReference; lastKnownFileType = sourcecode.swift; path = ClickableTextField.swift; sourceTree = "<group>"; };
		8C57C6A72042DD1D00F2F7F4 /* a1.gif */ = {isa = PBXFileReference; lastKnownFileType = image.gif; path = a1.gif; sourceTree = "<group>"; };
		8C57C6A82042DD1D00F2F7F4 /* a10.gif */ = {isa = PBXFileReference; lastKnownFileType = image.gif; path = a10.gif; sourceTree = "<group>"; };
		8C57C6A92042DD1D00F2F7F4 /* b2.gif */ = {isa = PBXFileReference; lastKnownFileType = image.gif; path = b2.gif; sourceTree = "<group>"; };
		8C57C6AA2042DD1D00F2F7F4 /* a4.gif */ = {isa = PBXFileReference; lastKnownFileType = image.gif; path = a4.gif; sourceTree = "<group>"; };
		8C57C6AB2042DD1D00F2F7F4 /* a3.gif */ = {isa = PBXFileReference; lastKnownFileType = image.gif; path = a3.gif; sourceTree = "<group>"; };
		8C57C6AC2042DD1D00F2F7F4 /* b5.gif */ = {isa = PBXFileReference; lastKnownFileType = image.gif; path = b5.gif; sourceTree = "<group>"; };
		8C57C6AD2042DD1E00F2F7F4 /* b1.gif */ = {isa = PBXFileReference; lastKnownFileType = image.gif; path = b1.gif; sourceTree = "<group>"; };
		8C57C6AE2042DD1E00F2F7F4 /* b7.gif */ = {isa = PBXFileReference; lastKnownFileType = image.gif; path = b7.gif; sourceTree = "<group>"; };
		8C57C6AF2042DD1E00F2F7F4 /* b8.gif */ = {isa = PBXFileReference; lastKnownFileType = image.gif; path = b8.gif; sourceTree = "<group>"; };
		8C57C6B02042DD1E00F2F7F4 /* a7.gif */ = {isa = PBXFileReference; lastKnownFileType = image.gif; path = a7.gif; sourceTree = "<group>"; };
		8C57C6B12042DD1E00F2F7F4 /* a5.gif */ = {isa = PBXFileReference; lastKnownFileType = image.gif; path = a5.gif; sourceTree = "<group>"; };
		8C57C6B22042DD1E00F2F7F4 /* b4.gif */ = {isa = PBXFileReference; lastKnownFileType = image.gif; path = b4.gif; sourceTree = "<group>"; };
		8C57C6B32042DD1F00F2F7F4 /* a2.gif */ = {isa = PBXFileReference; lastKnownFileType = image.gif; path = a2.gif; sourceTree = "<group>"; };
		8C57C6B42042DD1F00F2F7F4 /* a9.gif */ = {isa = PBXFileReference; lastKnownFileType = image.gif; path = a9.gif; sourceTree = "<group>"; };
		8C57C6B52042DD1F00F2F7F4 /* a6.gif */ = {isa = PBXFileReference; lastKnownFileType = image.gif; path = a6.gif; sourceTree = "<group>"; };
		8C57C6B62042DD1F00F2F7F4 /* a8.gif */ = {isa = PBXFileReference; lastKnownFileType = image.gif; path = a8.gif; sourceTree = "<group>"; };
		8C57C6B72042DD1F00F2F7F4 /* b6.gif */ = {isa = PBXFileReference; lastKnownFileType = image.gif; path = b6.gif; sourceTree = "<group>"; };
		8C57C6B82042DD2000F2F7F4 /* b3.gif */ = {isa = PBXFileReference; lastKnownFileType = image.gif; path = b3.gif; sourceTree = "<group>"; };
		8C57C6CD2042F11600F2F7F4 /* ResultViewController.swift */ = {isa = PBXFileReference; lastKnownFileType = sourcecode.swift; path = ResultViewController.swift; sourceTree = "<group>"; };
		8C57C6CE2042F11600F2F7F4 /* ResultViewController.xib */ = {isa = PBXFileReference; lastKnownFileType = file.xib; path = ResultViewController.xib; sourceTree = "<group>"; };
		8C57C6DD2043C20800F2F7F4 /* Base */ = {isa = PBXFileReference; lastKnownFileType = file.xib; name = Base; path = Base.lproj/StartView.xib; sourceTree = "<group>"; };
		8C57C7182044072600F2F7F4 /* santrupos.pdf */ = {isa = PBXFileReference; lastKnownFileType = image.pdf; path = santrupos.pdf; sourceTree = "<group>"; };
		8C57C71A2044072C00F2F7F4 /* atstojamosios.pdf */ = {isa = PBXFileReference; lastKnownFileType = image.pdf; path = atstojamosios.pdf; sourceTree = "<group>"; };
		8C633F61203FD66C006557DC /* Quartz.framework */ = {isa = PBXFileReference; lastKnownFileType = wrapper.framework; name = Quartz.framework; path = System/Library/Frameworks/Quartz.framework; sourceTree = SDKROOT; };
		8C633F63203FD67F006557DC /* QuartzCore.framework */ = {isa = PBXFileReference; lastKnownFileType = wrapper.framework; name = QuartzCore.framework; path = System/Library/Frameworks/QuartzCore.framework; sourceTree = SDKROOT; };
		8C633F69204058BE006557DC /* DocumentController.swift */ = {isa = PBXFileReference; lastKnownFileType = sourcecode.swift; path = DocumentController.swift; sourceTree = "<group>"; };
		8C633F6A204058BE006557DC /* DocumentController.xib */ = {isa = PBXFileReference; lastKnownFileType = file.xib; path = DocumentController.xib; sourceTree = "<group>"; };
		8C633F71204080EB006557DC /* QuestionViewController.swift */ = {isa = PBXFileReference; lastKnownFileType = sourcecode.swift; path = QuestionViewController.swift; sourceTree = "<group>"; };
		8C633F72204080EB006557DC /* QuestionViewController.xib */ = {isa = PBXFileReference; lastKnownFileType = file.xib; path = QuestionViewController.xib; sourceTree = "<group>"; };
		8C633F75204082CC006557DC /* QuestionParser.swift */ = {isa = PBXFileReference; lastKnownFileType = sourcecode.swift; path = QuestionParser.swift; sourceTree = "<group>"; };
		8C633F772040835A006557DC /* quiz.xml */ = {isa = PBXFileReference; fileEncoding = 4; lastKnownFileType = text.xml; path = quiz.xml; sourceTree = "<group>"; };
		8C633F7920409D4F006557DC /* ClickableFieldCell.swift */ = {isa = PBXFileReference; lastKnownFileType = sourcecode.swift; path = ClickableFieldCell.swift; sourceTree = "<group>"; };
		8C67275F203DF01C0055675F /* Radijo mėgėjas.app */ = {isa = PBXFileReference; explicitFileType = wrapper.application; includeInIndex = 0; path = "Radijo mėgėjas.app"; sourceTree = BUILT_PRODUCTS_DIR; };
		8C672762203DF01C0055675F /* AppDelegate.swift */ = {isa = PBXFileReference; lastKnownFileType = sourcecode.swift; path = AppDelegate.swift; sourceTree = "<group>"; };
		8C672764203DF01C0055675F /* Assets.xcassets */ = {isa = PBXFileReference; lastKnownFileType = folder.assetcatalog; path = Assets.xcassets; sourceTree = "<group>"; };
		8C672767203DF01C0055675F /* Base */ = {isa = PBXFileReference; lastKnownFileType = file.xib; name = Base; path = Base.lproj/MainMenu.xib; sourceTree = "<group>"; };
		8C672769203DF01C0055675F /* Info.plist */ = {isa = PBXFileReference; lastKnownFileType = text.plist.xml; path = Info.plist; sourceTree = "<group>"; };
		8C67276A203DF01C0055675F /* HamLT_Quiz.entitlements */ = {isa = PBXFileReference; lastKnownFileType = text.plist.entitlements; path = HamLT_Quiz.entitlements; sourceTree = "<group>"; };
		8C672770203DF0560055675F /* MainViewController.swift */ = {isa = PBXFileReference; lastKnownFileType = sourcecode.swift; path = MainViewController.swift; sourceTree = "<group>"; };
		8C672771203DF0560055675F /* MainViewController.xib */ = {isa = PBXFileReference; lastKnownFileType = file.xib; path = MainViewController.xib; sourceTree = "<group>"; };
		8C672776203DF0970055675F /* StartView.swift */ = {isa = PBXFileReference; lastKnownFileType = sourcecode.swift; path = StartView.swift; sourceTree = "<group>"; };
/* End PBXFileReference section */

/* Begin PBXFrameworksBuildPhase section */
		8C67275C203DF01C0055675F /* Frameworks */ = {
			isa = PBXFrameworksBuildPhase;
			buildActionMask = 2147483647;
			files = (
				8C633F66203FD6A6006557DC /* QuartzCore.framework in Frameworks */,
				8C633F65203FD69E006557DC /* Quartz.framework in Frameworks */,
			);
			runOnlyForDeploymentPostprocessing = 0;
		};
/* End PBXFrameworksBuildPhase section */

/* Begin PBXGroup section */
		8C57C6CC2042DD3100F2F7F4 /* images */ = {
			isa = PBXGroup;
			children = (
				8C57C6B32042DD1F00F2F7F4 /* a2.gif */,
				8C57C6A72042DD1D00F2F7F4 /* a1.gif */,
				8C57C6AB2042DD1D00F2F7F4 /* a3.gif */,
				8C57C6AA2042DD1D00F2F7F4 /* a4.gif */,
				8C57C6B12042DD1E00F2F7F4 /* a5.gif */,
				8C57C6B52042DD1F00F2F7F4 /* a6.gif */,
				8C57C6B02042DD1E00F2F7F4 /* a7.gif */,
				8C57C6B62042DD1F00F2F7F4 /* a8.gif */,
				8C57C6B42042DD1F00F2F7F4 /* a9.gif */,
				8C57C6A82042DD1D00F2F7F4 /* a10.gif */,
				8C57C6AD2042DD1E00F2F7F4 /* b1.gif */,
				8C57C6A92042DD1D00F2F7F4 /* b2.gif */,
				8C57C6B82042DD2000F2F7F4 /* b3.gif */,
				8C57C6B22042DD1E00F2F7F4 /* b4.gif */,
				8C57C6AC2042DD1D00F2F7F4 /* b5.gif */,
				8C57C6B72042DD1F00F2F7F4 /* b6.gif */,
				8C57C6AE2042DD1E00F2F7F4 /* b7.gif */,
				8C57C6AF2042DD1E00F2F7F4 /* b8.gif */,
			);
			name = images;
			sourceTree = "<group>";
		};
		8C633F60203FD66C006557DC /* Frameworks */ = {
			isa = PBXGroup;
			children = (
				8C633F63203FD67F006557DC /* QuartzCore.framework */,
				8C633F61203FD66C006557DC /* Quartz.framework */,
			);
			name = Frameworks;
			sourceTree = "<group>";
		};
		8C672756203DF01C0055675F = {
			isa = PBXGroup;
			children = (
				8C672761203DF01C0055675F /* HamLT Quiz */,
				8C672760203DF01C0055675F /* Products */,
				8C633F60203FD66C006557DC /* Frameworks */,
			);
			sourceTree = "<group>";
		};
		8C672760203DF01C0055675F /* Products */ = {
			isa = PBXGroup;
			children = (
				8C67275F203DF01C0055675F /* Radijo mėgėjas.app */,
			);
			name = Products;
			sourceTree = "<group>";
		};
		8C672761203DF01C0055675F /* HamLT Quiz */ = {
			isa = PBXGroup;
			children = (
				8C672762203DF01C0055675F /* AppDelegate.swift */,
				8C672764203DF01C0055675F /* Assets.xcassets */,
				8C672766203DF01C0055675F /* MainMenu.xib */,
				8C672770203DF0560055675F /* MainViewController.swift */,
				8C672771203DF0560055675F /* MainViewController.xib */,
				8C633F69204058BE006557DC /* DocumentController.swift */,
				8C633F6A204058BE006557DC /* DocumentController.xib */,
				8C672776203DF0970055675F /* StartView.swift */,
				8C57C6DA2043C1E100F2F7F4 /* StartView.xib */,
				8C633F71204080EB006557DC /* QuestionViewController.swift */,
				8C633F72204080EB006557DC /* QuestionViewController.xib */,
				8C633F75204082CC006557DC /* QuestionParser.swift */,
				8C633F7920409D4F006557DC /* ClickableFieldCell.swift */,
				8C57C6A52042B87300F2F7F4 /* ClickableTextField.swift */,
				8C57C6CD2042F11600F2F7F4 /* ResultViewController.swift */,
				8C57C6CE2042F11600F2F7F4 /* ResultViewController.xib */,
				2D720D04204477B200FC7CAE /* istatymas.pdf */,
				8C57C7182044072600F2F7F4 /* santrupos.pdf */,
				2D720D08204477F300FC7CAE /* icon_128x128@2x.png */,
				8C57C71A2044072C00F2F7F4 /* atstojamosios.pdf */,
				2D720D06204477E900FC7CAE /* icon_128x128@2x.png */,
				8C672769203DF01C0055675F /* Info.plist */,
				8C633F772040835A006557DC /* quiz.xml */,
				8C67276A203DF01C0055675F /* HamLT_Quiz.entitlements */,
				8C57C6CC2042DD3100F2F7F4 /* images */,
			);
			path = "HamLT Quiz";
			sourceTree = "<group>";
		};
/* End PBXGroup section */

/* Begin PBXNativeTarget section */
		8C67275E203DF01C0055675F /* Radijo mėgėjas */ = {
			isa = PBXNativeTarget;
			buildConfigurationList = 8C67276D203DF01C0055675F /* Build configuration list for PBXNativeTarget "Radijo mėgėjas" */;
			buildPhases = (
				8C67275B203DF01C0055675F /* Sources */,
				8C67275C203DF01C0055675F /* Frameworks */,
				8C67275D203DF01C0055675F /* Resources */,
			);
			buildRules = (
			);
			dependencies = (
			);
			name = "Radijo mėgėjas";
			productName = "HamLT Quiz";
			productReference = 8C67275F203DF01C0055675F /* Radijo mėgėjas.app */;
			productType = "com.apple.product-type.application";
		};
/* End PBXNativeTarget section */

/* Begin PBXProject section */
		8C672757203DF01C0055675F /* Project object */ = {
			isa = PBXProject;
			attributes = {
				LastSwiftUpdateCheck = 0920;
				LastUpgradeCheck = 0920;
				ORGANIZATIONNAME = "Kęstutis Rutkauskas";
				TargetAttributes = {
					8C67275E203DF01C0055675F = {
						CreatedOnToolsVersion = 9.2;
						ProvisioningStyle = Automatic;
					};
				};
			};
			buildConfigurationList = 8C67275A203DF01C0055675F /* Build configuration list for PBXProject "Radijo mėgėjas" */;
			compatibilityVersion = "Xcode 8.0";
			developmentRegion = en;
			hasScannedForEncodings = 0;
			knownRegions = (
				Base,
			);
			mainGroup = 8C672756203DF01C0055675F;
			productRefGroup = 8C672760203DF01C0055675F /* Products */;
			projectDirPath = "";
			projectRoot = "";
			targets = (
				8C67275E203DF01C0055675F /* Radijo mėgėjas */,
			);
		};
/* End PBXProject section */

/* Begin PBXResourcesBuildPhase section */
		8C67275D203DF01C0055675F /* Resources */ = {
			isa = PBXResourcesBuildPhase;
			buildActionMask = 2147483647;
			files = (
				2D720D09204477F300FC7CAE /* icon_128x128@2x.png in Resources */,
				8C57C6C72042DD2000F2F7F4 /* a6.gif in Resources */,
				8C57C6BF2042DD2000F2F7F4 /* b1.gif in Resources */,
				8C57C6BB2042DD2000F2F7F4 /* b2.gif in Resources */,
				8C57C6BE2042DD2000F2F7F4 /* b5.gif in Resources */,
				8C633F6C204058BE006557DC /* DocumentController.xib in Resources */,
				8C57C6C62042DD2000F2F7F4 /* a9.gif in Resources */,
				2D720D07204477E900FC7CAE /* icon_128x128@2x.png in Resources */,
				8C672765203DF01C0055675F /* Assets.xcassets in Resources */,
				8C672773203DF0560055675F /* MainViewController.xib in Resources */,
				8C57C6D02042F11600F2F7F4 /* ResultViewController.xib in Resources */,
				8C57C6C02042DD2000F2F7F4 /* b7.gif in Resources */,
				8C57C6C52042DD2000F2F7F4 /* a2.gif in Resources */,
				8C57C6C42042DD2000F2F7F4 /* b4.gif in Resources */,
				8C672768203DF01C0055675F /* MainMenu.xib in Resources */,
				8C57C6C82042DD2000F2F7F4 /* a8.gif in Resources */,
				8C57C71B2044072C00F2F7F4 /* atstojamosios.pdf in Resources */,
				8C57C6CA2042DD2000F2F7F4 /* b3.gif in Resources */,
				8C57C6C22042DD2000F2F7F4 /* a7.gif in Resources */,
				8C633F782040835A006557DC /* quiz.xml in Resources */,
				2D720D05204477B200FC7CAE /* istatymas.pdf in Resources */,
				8C57C6C12042DD2000F2F7F4 /* b8.gif in Resources */,
				8C57C6B92042DD2000F2F7F4 /* a1.gif in Resources */,
				8C57C6BD2042DD2000F2F7F4 /* a3.gif in Resources */,
				8C57C6BA2042DD2000F2F7F4 /* a10.gif in Resources */,
				8C57C6C32042DD2000F2F7F4 /* a5.gif in Resources */,
				8C633F74204080EB006557DC /* QuestionViewController.xib in Resources */,
				8C57C6BC2042DD2000F2F7F4 /* a4.gif in Resources */,
				8C57C6C92042DD2000F2F7F4 /* b6.gif in Resources */,
				8C57C7192044072600F2F7F4 /* santrupos.pdf in Resources */,
				8C57C6DC2043C1E100F2F7F4 /* StartView.xib in Resources */,
			);
			runOnlyForDeploymentPostprocessing = 0;
		};
/* End PBXResourcesBuildPhase section */

/* Begin PBXSourcesBuildPhase section */
		8C67275B203DF01C0055675F /* Sources */ = {
			isa = PBXSourcesBuildPhase;
			buildActionMask = 2147483647;
			files = (
				8C672778203DF0970055675F /* StartView.swift in Sources */,
				8C633F7A20409D4F006557DC /* ClickableFieldCell.swift in Sources */,
				8C633F73204080EB006557DC /* QuestionViewController.swift in Sources */,
				8C672763203DF01C0055675F /* AppDelegate.swift in Sources */,
				8C633F76204082CC006557DC /* QuestionParser.swift in Sources */,
				8C633F6B204058BE006557DC /* DocumentController.swift in Sources */,
				8C57C6A62042B87300F2F7F4 /* ClickableTextField.swift in Sources */,
				8C672772203DF0560055675F /* MainViewController.swift in Sources */,
				8C57C6CF2042F11600F2F7F4 /* ResultViewController.swift in Sources */,
			);
			runOnlyForDeploymentPostprocessing = 0;
		};
/* End PBXSourcesBuildPhase section */

/* Begin PBXVariantGroup section */
		8C57C6DA2043C1E100F2F7F4 /* StartView.xib */ = {
			isa = PBXVariantGroup;
			children = (
				8C57C6DD2043C20800F2F7F4 /* Base */,
			);
			name = StartView.xib;
			sourceTree = "<group>";
		};
		8C672766203DF01C0055675F /* MainMenu.xib */ = {
			isa = PBXVariantGroup;
			children = (
				8C672767203DF01C0055675F /* Base */,
			);
			name = MainMenu.xib;
			sourceTree = "<group>";
		};
/* End PBXVariantGroup section */

/* Begin XCBuildConfiguration section */
		8C67276B203DF01C0055675F /* Debug */ = {
			isa = XCBuildConfiguration;
			buildSettings = {
				ALWAYS_SEARCH_USER_PATHS = NO;
				CLANG_ANALYZER_LOCALIZABILITY_NONLOCALIZED = YES;
				CLANG_ANALYZER_NONNULL = YES;
				CLANG_ANALYZER_NUMBER_OBJECT_CONVERSION = YES_AGGRESSIVE;
				CLANG_CXX_LANGUAGE_STANDARD = "gnu++14";
				CLANG_CXX_LIBRARY = "libc++";
				CLANG_ENABLE_MODULES = YES;
				CLANG_ENABLE_OBJC_ARC = YES;
				CLANG_WARN_BLOCK_CAPTURE_AUTORELEASING = YES;
				CLANG_WARN_BOOL_CONVERSION = YES;
				CLANG_WARN_COMMA = YES;
				CLANG_WARN_CONSTANT_CONVERSION = YES;
				CLANG_WARN_DIRECT_OBJC_ISA_USAGE = YES_ERROR;
				CLANG_WARN_DOCUMENTATION_COMMENTS = YES;
				CLANG_WARN_EMPTY_BODY = YES;
				CLANG_WARN_ENUM_CONVERSION = YES;
				CLANG_WARN_INFINITE_RECURSION = YES;
				CLANG_WARN_INT_CONVERSION = YES;
				CLANG_WARN_NON_LITERAL_NULL_CONVERSION = YES;
				CLANG_WARN_OBJC_LITERAL_CONVERSION = YES;
				CLANG_WARN_OBJC_ROOT_CLASS = YES_ERROR;
				CLANG_WARN_RANGE_LOOP_ANALYSIS = YES;
				CLANG_WARN_STRICT_PROTOTYPES = YES;
				CLANG_WARN_SUSPICIOUS_MOVE = YES;
				CLANG_WARN_UNGUARDED_AVAILABILITY = YES_AGGRESSIVE;
				CLANG_WARN_UNREACHABLE_CODE = YES;
				CLANG_WARN__DUPLICATE_METHOD_MATCH = YES;
				CODE_SIGN_IDENTITY = "Mac Developer";
				COPY_PHASE_STRIP = NO;
				DEBUG_INFORMATION_FORMAT = dwarf;
				ENABLE_STRICT_OBJC_MSGSEND = YES;
				ENABLE_TESTABILITY = YES;
				GCC_C_LANGUAGE_STANDARD = gnu11;
				GCC_DYNAMIC_NO_PIC = NO;
				GCC_NO_COMMON_BLOCKS = YES;
				GCC_OPTIMIZATION_LEVEL = 0;
				GCC_PREPROCESSOR_DEFINITIONS = (
					"DEBUG=1",
					"$(inherited)",
				);
				GCC_WARN_64_TO_32_BIT_CONVERSION = YES;
				GCC_WARN_ABOUT_RETURN_TYPE = YES_ERROR;
				GCC_WARN_UNDECLARED_SELECTOR = YES;
				GCC_WARN_UNINITIALIZED_AUTOS = YES_AGGRESSIVE;
				GCC_WARN_UNUSED_FUNCTION = YES;
				GCC_WARN_UNUSED_VARIABLE = YES;
				MACOSX_DEPLOYMENT_TARGET = 10.13;
				MTL_ENABLE_DEBUG_INFO = YES;
				ONLY_ACTIVE_ARCH = YES;
				SDKROOT = macosx;
				SWIFT_ACTIVE_COMPILATION_CONDITIONS = DEBUG;
				SWIFT_OPTIMIZATION_LEVEL = "-Onone";
			};
			name = Debug;
		};
		8C67276C203DF01C0055675F /* Release */ = {
			isa = XCBuildConfiguration;
			buildSettings = {
				ALWAYS_SEARCH_USER_PATHS = NO;
				CLANG_ANALYZER_LOCALIZABILITY_NONLOCALIZED = YES;
				CLANG_ANALYZER_NONNULL = YES;
				CLANG_ANALYZER_NUMBER_OBJECT_CONVERSION = YES_AGGRESSIVE;
				CLANG_CXX_LANGUAGE_STANDARD = "gnu++14";
				CLANG_CXX_LIBRARY = "libc++";
				CLANG_ENABLE_MODULES = YES;
				CLANG_ENABLE_OBJC_ARC = YES;
				CLANG_WARN_BLOCK_CAPTURE_AUTORELEASING = YES;
				CLANG_WARN_BOOL_CONVERSION = YES;
				CLANG_WARN_COMMA = YES;
				CLANG_WARN_CONSTANT_CONVERSION = YES;
				CLANG_WARN_DIRECT_OBJC_ISA_USAGE = YES_ERROR;
				CLANG_WARN_DOCUMENTATION_COMMENTS = YES;
				CLANG_WARN_EMPTY_BODY = YES;
				CLANG_WARN_ENUM_CONVERSION = YES;
				CLANG_WARN_INFINITE_RECURSION = YES;
				CLANG_WARN_INT_CONVERSION = YES;
				CLANG_WARN_NON_LITERAL_NULL_CONVERSION = YES;
				CLANG_WARN_OBJC_LITERAL_CONVERSION = YES;
				CLANG_WARN_OBJC_ROOT_CLASS = YES_ERROR;
				CLANG_WARN_RANGE_LOOP_ANALYSIS = YES;
				CLANG_WARN_STRICT_PROTOTYPES = YES;
				CLANG_WARN_SUSPICIOUS_MOVE = YES;
				CLANG_WARN_UNGUARDED_AVAILABILITY = YES_AGGRESSIVE;
				CLANG_WARN_UNREACHABLE_CODE = YES;
				CLANG_WARN__DUPLICATE_METHOD_MATCH = YES;
				CODE_SIGN_IDENTITY = "Mac Developer";
				COPY_PHASE_STRIP = NO;
				DEBUG_INFORMATION_FORMAT = "dwarf-with-dsym";
				ENABLE_NS_ASSERTIONS = NO;
				ENABLE_STRICT_OBJC_MSGSEND = YES;
				GCC_C_LANGUAGE_STANDARD = gnu11;
				GCC_NO_COMMON_BLOCKS = YES;
				GCC_WARN_64_TO_32_BIT_CONVERSION = YES;
				GCC_WARN_ABOUT_RETURN_TYPE = YES_ERROR;
				GCC_WARN_UNDECLARED_SELECTOR = YES;
				GCC_WARN_UNINITIALIZED_AUTOS = YES_AGGRESSIVE;
				GCC_WARN_UNUSED_FUNCTION = YES;
				GCC_WARN_UNUSED_VARIABLE = YES;
				MACOSX_DEPLOYMENT_TARGET = 10.13;
				MTL_ENABLE_DEBUG_INFO = NO;
				SDKROOT = macosx;
				SWIFT_OPTIMIZATION_LEVEL = "-Owholemodule";
			};
			name = Release;
		};
		8C67276E203DF01C0055675F /* Debug */ = {
			isa = XCBuildConfiguration;
			buildSettings = {
				ASSETCATALOG_COMPILER_APPICON_NAME = AppIcon;
				CODE_SIGN_ENTITLEMENTS = "HamLT Quiz/HamLT_Quiz.entitlements";
				CODE_SIGN_STYLE = Automatic;
				COMBINE_HIDPI_IMAGES = YES;
				DEVELOPMENT_TEAM = 8Y726G48PT;
				INFOPLIST_FILE = "HamLT Quiz/Info.plist";
				LD_RUNPATH_SEARCH_PATHS = "$(inherited) @executable_path/../Frameworks";
				PRODUCT_BUNDLE_IDENTIFIER = "lt.embedded.HamLT-Quiz";
				PRODUCT_NAME = "$(TARGET_NAME)";
				SWIFT_VERSION = 4.0;
			};
			name = Debug;
		};
		8C67276F203DF01C0055675F /* Release */ = {
			isa = XCBuildConfiguration;
			buildSettings = {
				ASSETCATALOG_COMPILER_APPICON_NAME = AppIcon;
				CODE_SIGN_ENTITLEMENTS = "HamLT Quiz/HamLT_Quiz.entitlements";
				CODE_SIGN_STYLE = Automatic;
				COMBINE_HIDPI_IMAGES = YES;
				DEVELOPMENT_TEAM = 8Y726G48PT;
				INFOPLIST_FILE = "HamLT Quiz/Info.plist";
				LD_RUNPATH_SEARCH_PATHS = "$(inherited) @executable_path/../Frameworks";
				PRODUCT_BUNDLE_IDENTIFIER = "lt.embedded.HamLT-Quiz";
				PRODUCT_NAME = "$(TARGET_NAME)";
				SWIFT_VERSION = 4.0;
			};
			name = Release;
		};
/* End XCBuildConfiguration section */

/* Begin XCConfigurationList section */
		8C67275A203DF01C0055675F /* Build configuration list for PBXProject "Radijo mėgėjas" */ = {
			isa = XCConfigurationList;
			buildConfigurations = (
				8C67276B203DF01C0055675F /* Debug */,
				8C67276C203DF01C0055675F /* Release */,
			);
			defaultConfigurationIsVisible = 0;
			defaultConfigurationName = Release;
		};
		8C67276D203DF01C0055675F /* Build configuration list for PBXNativeTarget "Radijo mėgėjas" */ = {
			isa = XCConfigurationList;
			buildConfigurations = (
				8C67276E203DF01C0055675F /* Debug */,
				8C67276F203DF01C0055675F /* Release */,
			);
			defaultConfigurationIsVisible = 0;
			defaultConfigurationName = Release;
		};
/* End XCConfigurationList section */
	};
	rootObject = 8C672757203DF01C0055675F /* Project object */;
}
